{
    "_readme": [
        "This file locks the dependencies of your project to a known state",
        "Read more about it at http://getcomposer.org/doc/01-basic-usage.md#composer-lock-the-lock-file",
        "This file is @generated automatically"
    ],
    "hash": "af21b7db80ea23920f3919f31b3a1cff",
    "packages": [
        {
            "name": "dibi/dibi",
            "version": "v2.3.1",
            "source": {
                "type": "git",
                "url": "https://github.com/dg/dibi.git",
                "reference": "a3e5ac86f7f3d80bb7927a9830991c73e10d4624"
            },
            "dist": {
                "type": "zip",
                "url": "https://api.github.com/repos/dg/dibi/zipball/a3e5ac86f7f3d80bb7927a9830991c73e10d4624",
                "reference": "a3e5ac86f7f3d80bb7927a9830991c73e10d4624",
                "shasum": ""
            },
            "require": {
                "php": ">=5.2.0"
            },
            "replace": {
                "dg/dibi": "self.version"
            },
            "require-dev": {
                "nette/tester": "~1.3",
                "tracy/tracy": "~2.2"
            },
            "type": "library",
            "extra": {
                "branch-alias": {
                    "dev-master": "2.3-dev"
                }
            },
            "autoload": {
                "classmap": [
                    "dibi/"
                ]
            },
            "notification-url": "https://packagist.org/downloads/",
            "license": [
                "BSD-3-Clause",
                "GPL-2.0",
                "GPL-3.0"
            ],
            "authors": [
                {
                    "name": "David Grudl",
                    "homepage": "http://davidgrudl.com"
                }
            ],
            "description": "Dibi is Database Abstraction Library for PHP",
            "homepage": "http://dibiphp.com",
            "keywords": [
                "access",
                "database",
                "dbal",
                "mssql",
                "mysql",
                "odbc",
                "oracle",
                "pdo",
                "postgresql",
                "sqlite"
            ],
            "time": "2015-02-25 14:22:04"
        },
        {
            "name": "nette/nette",
            "version": "v2.1.9",
            "source": {
                "type": "git",
                "url": "https://github.com/nette/nette.git",
                "reference": "1fa4d477c855d38751be15b2e7e4eb352f114220"
            },
            "dist": {
                "type": "zip",
                "url": "https://api.github.com/repos/nette/nette/zipball/1fa4d477c855d38751be15b2e7e4eb352f114220",
                "reference": "1fa4d477c855d38751be15b2e7e4eb352f114220",
                "shasum": ""
            },
            "require": {
                "ext-iconv": "*",
                "ext-tokenizer": "*",
                "php": ">=5.3.1"
            },
            "replace": {
                "latte/latte": "self.version",
                "nette/application": "self.version",
                "nette/bootstrap": "self.version",
                "nette/caching": "self.version",
                "nette/component-model": "self.version",
                "nette/database": "self.version",
                "nette/di": "self.version",
                "nette/finder": "self.version",
                "nette/forms": "self.version",
                "nette/http": "self.version",
                "nette/mail": "self.version",
                "nette/neon": "self.version",
                "nette/php-generator": "self.version",
                "nette/reflection": "self.version",
                "nette/robot-loader": "self.version",
                "nette/safe-stream": "self.version",
                "nette/security": "self.version",
                "nette/tokenizer": "self.version",
                "nette/utils": "self.version",
                "tracy/tracy": "self.version"
            },
            "require-dev": {
                "nette/tester": "~1.3"
            },
            "suggest": {
                "ext-fileinfo": "",
                "ext-gd": "",
                "ext-mbstring": "",
                "ext-pdo": ""
            },
            "type": "library",
            "autoload": {
                "classmap": [
                    "Nette/"
                ],
                "files": [
                    "Nette/common/shortcuts.php"
                ]
            },
            "notification-url": "https://packagist.org/downloads/",
            "license": [
                "BSD-3-Clause",
                "GPL-2.0",
                "GPL-3.0"
            ],
            "authors": [
                {
                    "name": "David Grudl",
                    "homepage": "http://davidgrudl.com"
                },
                {
                    "name": "Nette Community",
                    "homepage": "http://nette.org/contributors"
                }
            ],
            "description": "Nette Framework - innovative framework for fast and easy development of secured web applications in PHP. Write less, have cleaner code and your work will bring you joy.",
            "homepage": "http://nette.org",
            "keywords": [
                "Forms",
                "database",
                "debugging",
                "framework",
                "mailing",
                "mvc",
                "templating"
            ],
            "time": "2015-01-06 21:16:30"
        }
    ],
    "packages-dev": [],
    "aliases": [],
    "minimum-stability": "stable",
    "stability-flags": [],
    "prefer-stable": false,
    "prefer-lowest": false,
    "platform": {
        "php": ">=5.3.7"
    },
    "platform-dev": []
}
