{
    "_readme": [
        "This file locks the dependencies of your project to a known state",
        "Read more about it at http://getcomposer.org/doc/01-basic-usage.md#composer-lock-the-lock-file",
        "This file is @generated automatically"
    ],
    "hash": "14226abd15d8e87104ec90730df929de",
    "packages": [
        {
            "name": "dibi/dibi",
            "version": "v2.3.4",
            "source": {
                "type": "git",
                "url": "https://github.com/dg/dibi.git",
                "reference": "47ef875c736fa3cdb339682dbfd0a0a0429c9bac"
            },
            "dist": {
                "type": "zip",
                "url": "https://api.github.com/repos/dg/dibi/zipball/47ef875c736fa3cdb339682dbfd0a0a0429c9bac",
                "reference": "47ef875c736fa3cdb339682dbfd0a0a0429c9bac",
                "shasum": ""
            },
            "require": {
                "php": ">=5.2.0"
            },
            "replace": {
                "dg/dibi": "self.version"
            },
            "require-dev": {
                "nette/tester": "~1.3",
                "tracy/tracy": "~2.2"
            },
            "type": "library",
            "extra": {
                "branch-alias": {
                    "dev-master": "2.3-dev"
                }
            },
            "autoload": {
                "classmap": [
                    "dibi/"
                ]
            },
            "notification-url": "https://packagist.org/downloads/",
            "license": [
                "BSD-3-Clause",
                "GPL-2.0",
                "GPL-3.0"
            ],
            "authors": [
                {
                    "name": "David Grudl",
                    "homepage": "https://davidgrudl.com"
                }
            ],
            "description": "Dibi is Database Abstraction Library for PHP",
            "homepage": "http://dibiphp.com",
            "keywords": [
                "access",
                "database",
                "dbal",
                "mssql",
                "mysql",
                "odbc",
                "oracle",
                "pdo",
                "postgresql",
                "sqlite"
            ],
            "time": "2015-10-26 18:31:39"
        },
        {
            "name": "latte/latte",
            "version": "v2.2.7",
            "source": {
                "type": "git",
                "url": "https://github.com/nette/latte.git",
                "reference": "8d4de102909c96ac0c28395f378fd5dd58c1dc9e"
            },
            "dist": {
                "type": "zip",
                "url": "https://api.github.com/repos/nette/latte/zipball/8d4de102909c96ac0c28395f378fd5dd58c1dc9e",
                "reference": "8d4de102909c96ac0c28395f378fd5dd58c1dc9e",
                "shasum": ""
            },
            "require": {
                "ext-tokenizer": "*",
                "php": ">=5.3.1"
            },
            "require-dev": {
                "nette/tester": "~1.3"
            },
            "suggest": {
                "ext-fileinfo": "to use filter |datastream",
                "ext-mbstring": "to use filters like lower, upper, capitalize, ..."
            },
            "type": "library",
            "autoload": {
                "classmap": [
                    "src/"
                ]
            },
            "notification-url": "https://packagist.org/downloads/",
            "license": [
                "BSD-3-Clause",
                "GPL-2.0",
                "GPL-3.0"
            ],
            "authors": [
                {
                    "name": "David Grudl",
                    "homepage": "http://davidgrudl.com"
                },
                {
                    "name": "Nette Community",
                    "homepage": "http://nette.org/contributors"
                }
            ],
            "description": "Latte: the amazing template engine for PHP",
            "homepage": "http://latte.nette.org",
            "keywords": [
                "templating",
                "twig"
            ],
            "time": "2015-08-23 11:55:32"
        },
        {
            "name": "nette/application",
            "version": "v2.2.8",
            "source": {
                "type": "git",
                "url": "https://github.com/nette/application.git",
                "reference": "c7bb76e4c07189988cf297be36f0017ff33b3a56"
            },
            "dist": {
                "type": "zip",
                "url": "https://api.github.com/repos/nette/application/zipball/c7bb76e4c07189988cf297be36f0017ff33b3a56",
                "reference": "c7bb76e4c07189988cf297be36f0017ff33b3a56",
                "shasum": ""
            },
            "require": {
                "nette/component-model": "~2.2",
                "nette/di": "~2.2",
                "nette/http": "~2.2",
                "nette/reflection": "~2.2",
                "nette/security": "~2.2",
                "nette/utils": "~2.2",
                "php": ">=5.3.1"
            },
            "conflict": {
                "nette/nette": "<2.2"
            },
            "require-dev": {
                "latte/latte": "~2.3.0",
                "nette/forms": "~2.2",
                "nette/tester": "~1.3"
            },
            "suggest": {
                "nette/forms": "Allows to use Nette\\Application\\UI\\Form"
            },
            "type": "library",
            "autoload": {
                "classmap": [
                    "src/"
                ]
            },
            "notification-url": "https://packagist.org/downloads/",
            "license": [
                "BSD-3-Clause",
                "GPL-2.0",
                "GPL-3.0"
            ],
            "authors": [
                {
                    "name": "David Grudl",
                    "homepage": "http://davidgrudl.com"
                },
                {
                    "name": "Nette Community",
                    "homepage": "http://nette.org/contributors"
                }
            ],
            "description": "Nette Application MVC Component",
            "homepage": "http://nette.org",
            "time": "2015-08-13 15:53:49"
        },
        {
            "name": "nette/bootstrap",
            "version": "v2.2.6",
            "source": {
                "type": "git",
                "url": "https://github.com/nette/bootstrap.git",
                "reference": "e76c5b0779e3faaf43248b64f7345319f6a13371"
            },
            "dist": {
                "type": "zip",
                "url": "https://api.github.com/repos/nette/bootstrap/zipball/e76c5b0779e3faaf43248b64f7345319f6a13371",
                "reference": "e76c5b0779e3faaf43248b64f7345319f6a13371",
                "shasum": ""
            },
            "require": {
                "latte/latte": "~2.2",
                "nette/di": ">=2.2.1 <2.3",
                "nette/utils": "~2.2",
                "php": ">=5.3.1"
            },
            "conflict": {
                "nette/nette": "<2.2"
            },
            "require-dev": {
                "nette/application": "~2.2.0",
                "nette/database": "~2.2",
                "nette/mail": "~2.2",
                "nette/robot-loader": "~2.2",
                "nette/safe-stream": "~2.2",
                "nette/security": "~2.2",
                "nette/tester": "~1.3",
                "tracy/tracy": "~2.3"
            },
            "suggest": {
                "nette/robot-loader": "to use Configurator::createRobotLoader()",
                "tracy/tracy": "to use Configurator::enableDebugger()"
            },
            "type": "library",
            "autoload": {
                "classmap": [
                    "src/"
                ]
            },
            "notification-url": "https://packagist.org/downloads/",
            "license": [
                "BSD-3-Clause",
                "GPL-2.0",
                "GPL-3.0"
            ],
            "authors": [
                {
                    "name": "David Grudl",
                    "homepage": "http://davidgrudl.com"
                },
                {
                    "name": "Nette Community",
                    "homepage": "http://nette.org/contributors"
                }
            ],
            "description": "Nette Bootstrap",
            "homepage": "http://nette.org",
            "time": "2015-07-19 16:11:06"
        },
        {
            "name": "nette/caching",
            "version": "v2.2.6",
            "source": {
                "type": "git",
                "url": "https://github.com/nette/caching.git",
                "reference": "694e81400182b0cb3b41b1179b0578bc7f8d4d06"
            },
            "dist": {
                "type": "zip",
                "url": "https://api.github.com/repos/nette/caching/zipball/694e81400182b0cb3b41b1179b0578bc7f8d4d06",
                "reference": "694e81400182b0cb3b41b1179b0578bc7f8d4d06",
                "shasum": ""
            },
            "require": {
                "nette/finder": "~2.2",
                "nette/utils": "~2.2",
                "php": ">=5.3.1"
            },
            "conflict": {
                "nette/nette": "<2.2"
            },
            "require-dev": {
                "latte/latte": "~2.3.0",
                "nette/tester": "~1.0"
            },
            "type": "library",
            "autoload": {
                "classmap": [
                    "src/"
                ]
            },
            "notification-url": "https://packagist.org/downloads/",
            "license": [
                "BSD-3-Clause",
                "GPL-2.0",
                "GPL-3.0"
            ],
            "authors": [
                {
                    "name": "David Grudl",
                    "homepage": "http://davidgrudl.com"
                },
                {
                    "name": "Nette Community",
                    "homepage": "http://nette.org/contributors"
                }
            ],
            "description": "Nette Caching Component",
            "homepage": "http://nette.org",
            "time": "2015-07-19 16:12:08"
        },
        {
            "name": "nette/component-model",
            "version": "v2.2.3",
            "source": {
                "type": "git",
                "url": "https://github.com/nette/component-model.git",
                "reference": "fe13e630a307ef4585b3573eae0a161dc1c3d428"
            },
            "dist": {
                "type": "zip",
                "url": "https://api.github.com/repos/nette/component-model/zipball/fe13e630a307ef4585b3573eae0a161dc1c3d428",
                "reference": "fe13e630a307ef4585b3573eae0a161dc1c3d428",
                "shasum": ""
            },
            "require": {
                "nette/utils": "~2.2",
                "php": ">=5.3.1"
            },
            "conflict": {
                "nette/nette": "<2.2"
            },
            "require-dev": {
                "nette/tester": "~1.3"
            },
            "type": "library",
            "autoload": {
                "classmap": [
                    "src/"
                ]
            },
            "notification-url": "https://packagist.org/downloads/",
            "license": [
                "BSD-3-Clause",
                "GPL-2.0",
                "GPL-3.0"
            ],
            "authors": [
                {
                    "name": "David Grudl",
                    "homepage": "http://davidgrudl.com"
                },
                {
                    "name": "Nette Community",
                    "homepage": "http://nette.org/contributors"
                }
            ],
            "description": "Nette Component Model",
            "homepage": "http://nette.org",
            "time": "2015-07-11 21:11:20"
        },
        {
            "name": "nette/database",
            "version": "v2.2.5",
            "source": {
                "type": "git",
                "url": "https://github.com/nette/database.git",
                "reference": "8a225f5f05b29231b498e068b706cf54d45e8a45"
            },
            "dist": {
                "type": "zip",
                "url": "https://api.github.com/repos/nette/database/zipball/8a225f5f05b29231b498e068b706cf54d45e8a45",
                "reference": "8a225f5f05b29231b498e068b706cf54d45e8a45",
                "shasum": ""
            },
            "require": {
                "ext-pdo": "*",
                "nette/caching": "~2.2",
                "nette/utils": "~2.2",
                "php": ">=5.3.1"
            },
            "conflict": {
                "nette/nette": "<2.2"
            },
            "require-dev": {
                "nette/tester": "~1.3"
            },
            "type": "library",
            "autoload": {
                "classmap": [
                    "src/"
                ]
            },
            "notification-url": "https://packagist.org/downloads/",
            "license": [
                "BSD-3-Clause",
                "GPL-2.0",
                "GPL-3.0"
            ],
            "authors": [
                {
                    "name": "David Grudl",
                    "homepage": "http://davidgrudl.com"
                },
                {
                    "name": "Nette Community",
                    "homepage": "http://nette.org/contributors"
                }
            ],
            "description": "Nette Database Component",
            "homepage": "http://nette.org",
            "time": "2015-07-19 16:13:30"
        },
        {
            "name": "nette/di",
            "version": "v2.2.6",
            "source": {
                "type": "git",
                "url": "https://github.com/nette/di.git",
                "reference": "4bbf13ad3acfc2512999abefe2cbb0d3ccf05133"
            },
            "dist": {
                "type": "zip",
                "url": "https://api.github.com/repos/nette/di/zipball/4bbf13ad3acfc2512999abefe2cbb0d3ccf05133",
                "reference": "4bbf13ad3acfc2512999abefe2cbb0d3ccf05133",
                "shasum": ""
            },
            "require": {
                "nette/neon": "~2.2",
                "nette/php-generator": "~2.2",
                "nette/reflection": "~2.2",
                "nette/utils": "~2.2",
                "php": ">=5.3.1"
            },
            "conflict": {
                "nette/nette": "<2.2"
            },
            "require-dev": {
                "nette/tester": "~1.3"
            },
            "type": "library",
            "autoload": {
                "classmap": [
                    "src/"
                ]
            },
            "notification-url": "https://packagist.org/downloads/",
            "license": [
                "BSD-3-Clause",
                "GPL-2.0",
                "GPL-3.0"
            ],
            "authors": [
                {
                    "name": "David Grudl",
                    "homepage": "http://davidgrudl.com"
                },
                {
                    "name": "Nette Community",
                    "homepage": "http://nette.org/contributors"
                }
            ],
            "description": "Nette Dependency Injection Component",
            "homepage": "http://nette.org",
            "time": "2015-07-19 16:14:40"
        },
        {
            "name": "nette/finder",
            "version": "v2.2.2",
            "source": {
                "type": "git",
                "url": "https://github.com/nette/finder.git",
                "reference": "6bd3cd1ffaf3fecb424ff02e8b716228d1f86c9d"
            },
            "dist": {
                "type": "zip",
                "url": "https://api.github.com/repos/nette/finder/zipball/6bd3cd1ffaf3fecb424ff02e8b716228d1f86c9d",
                "reference": "6bd3cd1ffaf3fecb424ff02e8b716228d1f86c9d",
                "shasum": ""
            },
            "require": {
                "nette/utils": "~2.2",
                "php": ">=5.3.1"
            },
            "conflict": {
                "nette/nette": "<2.2"
            },
            "require-dev": {
                "nette/tester": "~1.0"
            },
            "type": "library",
            "autoload": {
                "classmap": [
                    "src/"
                ]
            },
            "notification-url": "https://packagist.org/downloads/",
            "license": [
                "BSD-3-Clause",
                "GPL-2.0",
                "GPL-3.0"
            ],
            "authors": [
                {
                    "name": "David Grudl",
                    "homepage": "http://davidgrudl.com"
                },
                {
                    "name": "Nette Community",
                    "homepage": "http://nette.org/contributors"
                }
            ],
            "description": "Nette Finder: Files Searching",
            "homepage": "http://nette.org",
            "time": "2015-07-19 16:15:36"
        },
        {
            "name": "nette/forms",
            "version": "v2.2.7",
            "source": {
                "type": "git",
                "url": "https://github.com/nette/forms.git",
                "reference": "4bd740877870d6873a65b2065deabadcf513541e"
            },
            "dist": {
                "type": "zip",
                "url": "https://api.github.com/repos/nette/forms/zipball/4bd740877870d6873a65b2065deabadcf513541e",
                "reference": "4bd740877870d6873a65b2065deabadcf513541e",
                "shasum": ""
            },
            "require": {
                "nette/component-model": "~2.2",
                "nette/http": "~2.2",
                "nette/utils": "~2.2",
                "php": ">=5.3.1"
            },
            "conflict": {
                "nette/nette": "<2.2"
            },
            "require-dev": {
                "latte/latte": "~2.3.2",
                "nette/tester": "~1.3",
                "tracy/tracy": "~2.2"
            },
            "type": "library",
            "autoload": {
                "classmap": [
                    "src/"
                ]
            },
            "notification-url": "https://packagist.org/downloads/",
            "license": [
                "BSD-3-Clause",
                "GPL-2.0",
                "GPL-3.0"
            ],
            "authors": [
                {
                    "name": "David Grudl",
                    "homepage": "http://davidgrudl.com"
                },
                {
                    "name": "Nette Community",
                    "homepage": "http://nette.org/contributors"
                }
            ],
            "description": "Nette Forms: greatly facilitates web forms",
            "homepage": "http://nette.org",
            "time": "2015-08-23 11:40:27"
        },
        {
            "name": "nette/http",
            "version": "v2.2.8",
            "source": {
                "type": "git",
                "url": "https://github.com/nette/http.git",
                "reference": "3e4bb29ea1c42ddf73f5349268110d70ee698d6d"
            },
            "dist": {
                "type": "zip",
                "url": "https://api.github.com/repos/nette/http/zipball/3e4bb29ea1c42ddf73f5349268110d70ee698d6d",
                "reference": "3e4bb29ea1c42ddf73f5349268110d70ee698d6d",
                "shasum": ""
            },
            "require": {
                "nette/utils": "~2.2, >=2.2.2",
                "php": ">=5.3.1"
            },
            "conflict": {
                "nette/nette": "<2.2"
            },
            "require-dev": {
                "nette/tester": "~1.0"
            },
            "suggest": {
                "ext-fileinfo": "to detect type of uploaded files"
            },
            "type": "library",
            "autoload": {
                "classmap": [
                    "src/"
                ]
            },
            "notification-url": "https://packagist.org/downloads/",
            "license": [
                "BSD-3-Clause",
                "GPL-2.0",
                "GPL-3.0"
            ],
            "authors": [
                {
                    "name": "David Grudl",
                    "homepage": "http://davidgrudl.com"
                },
                {
                    "name": "Nette Community",
                    "homepage": "http://nette.org/contributors"
                }
            ],
            "description": "Nette HTTP Component",
            "homepage": "http://nette.org",
            "time": "2015-07-19 16:17:34"
        },
        {
            "name": "nette/mail",
            "version": "v2.2.4",
            "source": {
                "type": "git",
                "url": "https://github.com/nette/mail.git",
                "reference": "f4b9082b5ce8d8cef4d4d0affceb7c799ce9dac5"
            },
            "dist": {
                "type": "zip",
                "url": "https://api.github.com/repos/nette/mail/zipball/f4b9082b5ce8d8cef4d4d0affceb7c799ce9dac5",
                "reference": "f4b9082b5ce8d8cef4d4d0affceb7c799ce9dac5",
                "shasum": ""
            },
            "require": {
                "ext-iconv": "*",
                "nette/utils": "~2.2",
                "php": ">=5.3.1"
            },
            "conflict": {
                "nette/nette": "<2.2"
            },
            "require-dev": {
                "nette/tester": "~1.0"
            },
            "suggest": {
                "ext-fileinfo": "to detect type of attached files"
            },
            "type": "library",
            "autoload": {
                "classmap": [
                    "src/"
                ]
            },
            "notification-url": "https://packagist.org/downloads/",
            "license": [
                "BSD-3-Clause",
                "GPL-2.0",
                "GPL-3.0"
            ],
            "authors": [
                {
                    "name": "David Grudl",
                    "homepage": "http://davidgrudl.com"
                },
                {
                    "name": "Nette Community",
                    "homepage": "http://nette.org/contributors"
                }
            ],
            "description": "Nette Mail: Sending E-mails",
            "homepage": "http://nette.org",
            "time": "2015-07-19 16:19:16"
        },
        {
            "name": "nette/neon",
            "version": "v2.2.5",
            "source": {
                "type": "git",
                "url": "https://github.com/nette/neon.git",
                "reference": "4de3014ef445816849be9d9b220e929446784a9b"
            },
            "dist": {
                "type": "zip",
                "url": "https://api.github.com/repos/nette/neon/zipball/4de3014ef445816849be9d9b220e929446784a9b",
                "reference": "4de3014ef445816849be9d9b220e929446784a9b",
                "shasum": ""
            },
            "require": {
                "ext-iconv": "*",
                "php": ">=5.3.1"
            },
            "require-dev": {
                "nette/tester": "~1.0"
            },
            "type": "library",
            "autoload": {
                "classmap": [
                    "src/"
                ]
            },
            "notification-url": "https://packagist.org/downloads/",
            "license": [
                "BSD-3-Clause",
                "GPL-2.0",
                "GPL-3.0"
            ],
            "authors": [
                {
                    "name": "David Grudl",
                    "homepage": "http://davidgrudl.com"
                },
                {
                    "name": "Nette Community",
                    "homepage": "http://nette.org/contributors"
                }
            ],
            "description": "Nette NEON: parser & generator for Nette Object Notation",
            "homepage": "http://ne-on.org",
            "time": "2015-07-19 16:20:22"
        },
        {
            "name": "nette/nette",
            "version": "v2.2.11",
            "source": {
                "type": "git",
                "url": "https://github.com/nette/nette.git",
                "reference": "74700c5f4c1491c086e0b0f86ff2b8ce42ceb88b"
            },
            "dist": {
                "type": "zip",
                "url": "https://api.github.com/repos/nette/nette/zipball/74700c5f4c1491c086e0b0f86ff2b8ce42ceb88b",
                "reference": "74700c5f4c1491c086e0b0f86ff2b8ce42ceb88b",
                "shasum": ""
            },
            "require": {
                "latte/latte": "2.2.7",
                "nette/application": "2.2.8",
                "nette/bootstrap": "2.2.6",
                "nette/caching": "2.2.6",
                "nette/component-model": "2.2.3",
                "nette/database": "2.2.5",
                "nette/di": "2.2.6",
                "nette/finder": "2.2.2",
                "nette/forms": "2.2.7",
                "nette/http": "2.2.8",
                "nette/mail": "2.2.4",
                "nette/neon": "2.2.5",
                "nette/php-generator": "2.2.3",
                "nette/reflection": "2.2.2",
                "nette/robot-loader": "2.2.2",
                "nette/safe-stream": "2.2.1",
                "nette/security": "2.2.4",
                "nette/tokenizer": "2.2.1",
                "nette/utils": "2.2.7",
                "tracy/tracy": "2.2.8"
            },
            "replace": {
                "nette/deprecated": "2.2"
            },
            "require-dev": {
                "nette/tester": "~1.3"
            },
            "type": "library",
            "autoload": {
                "classmap": [
                    "Nette/"
                ],
                "files": [
                    "Nette/loader.php"
                ]
            },
            "notification-url": "https://packagist.org/downloads/",
            "license": [
                "BSD-3-Clause",
                "GPL-2.0",
                "GPL-3.0"
            ],
            "authors": [
                {
                    "name": "David Grudl",
                    "homepage": "http://davidgrudl.com"
                },
                {
                    "name": "Nette Community",
                    "homepage": "http://nette.org/contributors"
                }
            ],
            "description": "Nette Framework - innovative framework for fast and easy development of secured web applications in PHP. Write less, have cleaner code and your work will bring you joy.",
            "homepage": "http://nette.org",
            "keywords": [
                "Forms",
                "database",
                "debugging",
                "framework",
                "mailing",
                "mvc",
                "templating"
            ],
            "time": "2015-08-23 11:57:37"
        },
        {
            "name": "nette/php-generator",
            "version": "v2.2.3",
            "source": {
                "type": "git",
                "url": "https://github.com/nette/php-generator.git",
                "reference": "f40bd89a4070e8c088954c06b1e9173e8b1a91c5"
            },
            "dist": {
                "type": "zip",
                "url": "https://api.github.com/repos/nette/php-generator/zipball/f40bd89a4070e8c088954c06b1e9173e8b1a91c5",
                "reference": "f40bd89a4070e8c088954c06b1e9173e8b1a91c5",
                "shasum": ""
            },
            "require": {
                "nette/utils": "~2.2",
                "php": ">=5.3.1"
            },
            "conflict": {
                "nette/nette": "<2.2"
            },
            "require-dev": {
                "nette/tester": "~1.0"
            },
            "type": "library",
            "autoload": {
                "classmap": [
                    "src/"
                ]
            },
            "notification-url": "https://packagist.org/downloads/",
            "license": [
                "BSD-3-Clause",
                "GPL-2.0",
                "GPL-3.0"
            ],
            "authors": [
                {
                    "name": "David Grudl",
                    "homepage": "http://davidgrudl.com"
                },
                {
                    "name": "Nette Community",
                    "homepage": "http://nette.org/contributors"
                }
            ],
            "description": "Nette PHP Generator",
            "homepage": "http://nette.org",
            "time": "2015-07-19 16:21:17"
        },
        {
            "name": "nette/reflection",
            "version": "v2.2.2",
            "source": {
                "type": "git",
                "url": "https://github.com/nette/reflection.git",
                "reference": "d3105e9992ab9b306ea3b6629faae0d0b0bf7ef2"
            },
            "dist": {
                "type": "zip",
                "url": "https://api.github.com/repos/nette/reflection/zipball/d3105e9992ab9b306ea3b6629faae0d0b0bf7ef2",
                "reference": "d3105e9992ab9b306ea3b6629faae0d0b0bf7ef2",
                "shasum": ""
            },
            "require": {
                "ext-tokenizer": "*",
                "nette/caching": "~2.2",
                "nette/utils": "~2.2",
                "php": ">=5.3.1"
            },
            "conflict": {
                "nette/nette": "<2.2"
            },
            "require-dev": {
                "nette/tester": "~1.0"
            },
            "type": "library",
            "autoload": {
                "classmap": [
                    "src/"
                ]
            },
            "notification-url": "https://packagist.org/downloads/",
            "license": [
                "BSD-3-Clause",
                "GPL-2.0",
                "GPL-3.0"
            ],
            "authors": [
                {
                    "name": "David Grudl",
                    "homepage": "http://davidgrudl.com"
                },
                {
                    "name": "Nette Community",
                    "homepage": "http://nette.org/contributors"
                }
            ],
            "description": "Nette PHP Reflection Component",
            "homepage": "http://nette.org",
            "time": "2015-07-19 16:22:24"
        },
        {
            "name": "nette/robot-loader",
            "version": "v2.2.2",
            "source": {
                "type": "git",
                "url": "https://github.com/nette/robot-loader.git",
                "reference": "8108669b8d650928e90dca3141a8db1c6701e65e"
            },
            "dist": {
                "type": "zip",
                "url": "https://api.github.com/repos/nette/robot-loader/zipball/8108669b8d650928e90dca3141a8db1c6701e65e",
                "reference": "8108669b8d650928e90dca3141a8db1c6701e65e",
                "shasum": ""
            },
            "require": {
                "nette/caching": "~2.2",
                "nette/finder": "~2.2",
                "nette/utils": "~2.2",
                "php": ">=5.3.1"
            },
            "conflict": {
                "nette/nette": "<2.2"
            },
            "require-dev": {
                "nette/tester": "~1.0"
            },
            "type": "library",
            "autoload": {
                "classmap": [
                    "src/"
                ]
            },
            "notification-url": "https://packagist.org/downloads/",
            "license": [
                "BSD-3-Clause",
                "GPL-2.0",
                "GPL-3.0"
            ],
            "authors": [
                {
                    "name": "David Grudl",
                    "homepage": "http://davidgrudl.com"
                },
                {
                    "name": "Nette Community",
                    "homepage": "http://nette.org/contributors"
                }
            ],
            "description": "Nette RobotLoader: comfortable autoloading",
            "homepage": "http://nette.org",
            "time": "2015-07-19 16:22:59"
        },
        {
            "name": "nette/safe-stream",
            "version": "v2.2.1",
            "source": {
                "type": "git",
                "url": "https://github.com/nette/safe-stream.git",
                "reference": "8b1cafc28d559b9a829700024539f1dc63387c59"
            },
            "dist": {
                "type": "zip",
                "url": "https://api.github.com/repos/nette/safe-stream/zipball/8b1cafc28d559b9a829700024539f1dc63387c59",
                "reference": "8b1cafc28d559b9a829700024539f1dc63387c59",
                "shasum": ""
            },
            "require": {
                "php": ">=5.3.1"
            },
            "conflict": {
                "nette/nette": "<2.2"
            },
            "require-dev": {
                "nette/tester": "~1.0"
            },
            "type": "library",
            "autoload": {
                "classmap": [
                    "src/"
                ]
            },
            "notification-url": "https://packagist.org/downloads/",
            "license": [
                "BSD-3-Clause",
                "GPL-2.0",
                "GPL-3.0"
            ],
            "authors": [
                {
                    "name": "David Grudl",
                    "homepage": "http://davidgrudl.com"
                },
                {
                    "name": "Nette Community",
                    "homepage": "http://nette.org/contributors"
                }
            ],
            "description": "Nette SafeStream: Atomic Operations",
            "homepage": "http://nette.org",
            "time": "2015-07-11 21:22:15"
        },
        {
            "name": "nette/security",
            "version": "v2.2.4",
            "source": {
                "type": "git",
                "url": "https://github.com/nette/security.git",
                "reference": "09f7af6573cee5c77f33491ddea037ebab40f363"
            },
            "dist": {
                "type": "zip",
                "url": "https://api.github.com/repos/nette/security/zipball/09f7af6573cee5c77f33491ddea037ebab40f363",
                "reference": "09f7af6573cee5c77f33491ddea037ebab40f363",
                "shasum": ""
            },
            "require": {
                "nette/utils": "~2.2",
                "php": ">=5.3.1"
            },
            "conflict": {
                "nette/nette": "<2.2"
            },
            "require-dev": {
                "nette/tester": "~1.0"
            },
            "type": "library",
            "autoload": {
                "classmap": [
                    "src/"
                ]
            },
            "notification-url": "https://packagist.org/downloads/",
            "license": [
                "BSD-3-Clause",
                "GPL-2.0",
                "GPL-3.0"
            ],
            "authors": [
                {
                    "name": "David Grudl",
                    "homepage": "http://davidgrudl.com"
                },
                {
                    "name": "Nette Community",
                    "homepage": "http://nette.org/contributors"
                }
            ],
            "description": "Nette Security: Access Control Component",
            "homepage": "http://nette.org",
            "time": "2015-07-19 16:24:17"
        },
        {
            "name": "nette/tokenizer",
            "version": "v2.2.1",
            "source": {
                "type": "git",
                "url": "https://github.com/nette/tokenizer.git",
                "reference": "cbb4920d166af495f83eb213f16512a421d44f63"
            },
            "dist": {
                "type": "zip",
                "url": "https://api.github.com/repos/nette/tokenizer/zipball/cbb4920d166af495f83eb213f16512a421d44f63",
                "reference": "cbb4920d166af495f83eb213f16512a421d44f63",
                "shasum": ""
            },
            "require": {
                "php": ">=5.3.1"
            },
            "conflict": {
                "nette/nette": "<2.2"
            },
            "require-dev": {
                "nette/tester": "~1.0"
            },
            "type": "library",
            "autoload": {
                "classmap": [
                    "src/"
                ]
            },
            "notification-url": "https://packagist.org/downloads/",
            "license": [
                "BSD-3-Clause",
                "GPL-2.0",
                "GPL-3.0"
            ],
            "authors": [
                {
                    "name": "David Grudl",
                    "homepage": "http://davidgrudl.com"
                },
                {
                    "name": "Nette Community",
                    "homepage": "http://nette.org/contributors"
                }
            ],
            "description": "Nette Tokenizer",
            "homepage": "http://nette.org",
            "time": "2015-07-11 21:24:02"
        },
        {
            "name": "nette/utils",
            "version": "v2.2.7",
            "source": {
                "type": "git",
                "url": "https://github.com/nette/utils.git",
                "reference": "1d980850f42652bc41cdc2b46789b015d772871b"
            },
            "dist": {
                "type": "zip",
                "url": "https://api.github.com/repos/nette/utils/zipball/1d980850f42652bc41cdc2b46789b015d772871b",
                "reference": "1d980850f42652bc41cdc2b46789b015d772871b",
                "shasum": ""
            },
            "require": {
                "php": ">=5.3.1"
            },
            "conflict": {
                "nette/nette": "<2.2"
            },
            "require-dev": {
                "nette/tester": "~1.0"
            },
            "suggest": {
                "ext-gd": "to use Image",
                "ext-iconv": "to use Strings::webalize() and toAscii()",
                "ext-mbstring": "to use Strings::lower() etc..."
            },
            "type": "library",
            "autoload": {
                "classmap": [
                    "src/"
                ]
            },
            "notification-url": "https://packagist.org/downloads/",
            "license": [
                "BSD-3-Clause",
                "GPL-2.0",
                "GPL-3.0"
            ],
            "authors": [
                {
                    "name": "David Grudl",
                    "homepage": "http://davidgrudl.com"
                },
                {
                    "name": "Nette Community",
                    "homepage": "http://nette.org/contributors"
                }
            ],
            "description": "Nette Utility Classes",
            "homepage": "http://nette.org",
            "time": "2015-08-05 10:38:03"
        },
        {
            "name": "tracy/tracy",
            "version": "v2.2.8",
            "source": {
                "type": "git",
                "url": "https://github.com/nette/tracy.git",
                "reference": "704256a85b522feefca0f5d33d32d3f50d904e48"
            },
            "dist": {
                "type": "zip",
                "url": "https://api.github.com/repos/nette/tracy/zipball/704256a85b522feefca0f5d33d32d3f50d904e48",
                "reference": "704256a85b522feefca0f5d33d32d3f50d904e48",
                "shasum": ""
            },
            "require": {
                "php": ">=5.3.1"
            },
            "require-dev": {
                "nette/tester": "~1.3"
            },
            "type": "library",
            "autoload": {
                "classmap": [
                    "src/Tracy"
                ],
                "files": [
                    "src/shortcuts.php"
                ]
            },
            "notification-url": "https://packagist.org/downloads/",
            "license": [
                "BSD-3-Clause",
                "GPL-2.0",
                "GPL-3.0"
            ],
            "authors": [
                {
                    "name": "David Grudl",
                    "homepage": "http://davidgrudl.com"
                },
                {
                    "name": "Nette Community",
                    "homepage": "http://nette.org/contributors"
                }
            ],
            "description": "Tracy: useful PHP debugger",
            "homepage": "http://tracy.nette.org",
            "keywords": [
                "debug",
                "debugger",
                "nette"
            ],
            "time": "2015-08-23 11:54:26"
        }
    ],
    "packages-dev": [],
    "aliases": [],
    "minimum-stability": "stable",
    "stability-flags": [],
    "prefer-stable": false,
    "prefer-lowest": false,
    "platform": {
        "php": ">=5.3.7"
    },
    "platform-dev": []
}
